
Microsoft Visual Studio Solution File, Format Version 12.00
# Visual Studio Version 17
VisualStudioVersion = 17.13.35931.197 d17.13
MinimumVisualStudioVersion = 10.0.40219.1
Project("{54A90642-561A-4BB1-A94E-469ADEE60C69}") = "APIcreationstage1", "APIcreationstage1.esproj", "{2D0A8DE1-7D07-B48D-D280-D048F82A0895}"
EndProject
Global
	GlobalSection(SolutionConfigurationPlatforms) = preSolution
		Debug|Any CPU = Debug|Any CPU
		Release|Any CPU = Release|Any CPU
	EndGlobalSection
	GlobalSection(ProjectConfigurationPlatforms) = postSolution
		{2D0A8DE1-7D07-B48D-D280-D048F82A0895}.Debug|Any CPU.ActiveCfg = Debug|Any CPU
		{2D0A8DE1-7D07-B48D-D280-D048F82A0895}.Debug|Any CPU.Build.0 = Debug|Any CPU
		{2D0A8DE1-7D07-B48D-D280-D048F82A0895}.Debug|Any CPU.Deploy.0 = Debug|Any CPU
		{2D0A8DE1-7D07-B48D-D280-D048F82A0895}.Release|Any CPU.ActiveCfg = Release|Any CPU
		{2D0A8DE1-7D07-B48D-D280-D048F82A0895}.Release|Any CPU.Build.0 = Release|Any CPU
		{2D0A8DE1-7D07-B48D-D280-D048F82A0895}.Release|Any CPU.Deploy.0 = Release|Any CPU
	EndGlobalSection
	GlobalSection(SolutionProperties) = preSolution
		HideSolutionNode = FALSE
	EndGlobalSection
	GlobalSection(ExtensibilityGlobals) = postSolution
		SolutionGuid = {A28E06D2-417B-4716-97EF-3A57D4D0BFD1}
	EndGlobalSection
EndGlobal
